// !$*UTF8*$!
{
	archiveVersion = 1;
	classes = {
	};
	objectVersion = 56;
	objects = {

/* Begin PBXBuildFile section */
		2DA8E1EF290033D200822710 /* AppDelegate.swift in Sources */ = {isa = PBXBuildFile; fileRef = 2DA8E1EE290033D200822710 /* AppDelegate.swift */; };
		2DA8E1F1290033D200822710 /* SceneDelegate.swift in Sources */ = {isa = PBXBuildFile; fileRef = 2DA8E1F0290033D200822710 /* SceneDelegate.swift */; };
		2DA8E1F3290033D200822710 /* ViewController.swift in Sources */ = {isa = PBXBuildFile; fileRef = 2DA8E1F2290033D200822710 /* ViewController.swift */; };
		2DA8E1F6290033D200822710 /* Main.storyboard in Resources */ = {isa = PBXBuildFile; fileRef = 2DA8E1F4290033D200822710 /* Main.storyboard */; };
		2DA8E1F8290033D700822710 /* Assets.xcassets in Resources */ = {isa = PBXBuildFile; fileRef = 2DA8E1F7290033D700822710 /* Assets.xcassets */; };
		2DA8E1FB290033D700822710 /* LaunchScreen.storyboard in Resources */ = {isa = PBXBuildFile; fileRef = 2DA8E1F9290033D700822710 /* LaunchScreen.storyboard */; };
		2DA8E206290033D700822710 /* ClimaTests.swift in Sources */ = {isa = PBXBuildFile; fileRef = 2DA8E205290033D700822710 /* ClimaTests.swift */; };
		2DA8E210290033D700822710 /* ClimaUITests.swift in Sources */ = {isa = PBXBuildFile; fileRef = 2DA8E20F290033D700822710 /* ClimaUITests.swift */; };
		2DA8E212290033D700822710 /* ClimaUITestsLaunchTests.swift in Sources */ = {isa = PBXBuildFile; fileRef = 2DA8E211290033D700822710 /* ClimaUITestsLaunchTests.swift */; };
/* End PBXBuildFile section */

/* Begin PBXContainerItemProxy section */
		2DA8E202290033D700822710 /* PBXContainerItemProxy */ = {
			isa = PBXContainerItemProxy;
			containerPortal = 2DA8E1E3290033D200822710 /* Project object */;
			proxyType = 1;
			remoteGlobalIDString = 2DA8E1EA290033D200822710;
			remoteInfo = Clima;
		};
		2DA8E20C290033D700822710 /* PBXContainerItemProxy */ = {
			isa = PBXContainerItemProxy;
			containerPortal = 2DA8E1E3290033D200822710 /* Project object */;
			proxyType = 1;
			remoteGlobalIDString = 2DA8E1EA290033D200822710;
			remoteInfo = Clima;
		};
/* End PBXContainerItemProxy section */

/* Begin PBXFileReference section */
		2DA8E1EB290033D200822710 /* Clima.app */ = {isa = PBXFileReference; explicitFileType = wrapper.application; includeInIndex = 0; path = Clima.app; sourceTree = BUILT_PRODUCTS_DIR; };
		2DA8E1EE290033D200822710 /* AppDelegate.swift */ = {isa = PBXFileReference; lastKnownFileType = sourcecode.swift; path = AppDelegate.swift; sourceTree = "<group>"; };
		2DA8E1F0290033D200822710 /* SceneDelegate.swift */ = {isa = PBXFileReference; lastKnownFileType = sourcecode.swift; path = SceneDelegate.swift; sourceTree = "<group>"; };
		2DA8E1F2290033D200822710 /* ViewController.swift */ = {isa = PBXFileReference; lastKnownFileType = sourcecode.swift; path = ViewController.swift; sourceTree = "<group>"; };
		2DA8E1F5290033D200822710 /* Base */ = {isa = PBXFileReference; lastKnownFileType = file.storyboard; name = Base; path = Base.lproj/Main.storyboard; sourceTree = "<group>"; };
		2DA8E1F7290033D700822710 /* Assets.xcassets */ = {isa = PBXFileReference; lastKnownFileType = folder.assetcatalog; path = Assets.xcassets; sourceTree = "<group>"; };
		2DA8E1FA290033D700822710 /* Base */ = {isa = PBXFileReference; lastKnownFileType = file.storyboard; name = Base; path = Base.lproj/LaunchScreen.storyboard; sourceTree = "<group>"; };
		2DA8E1FC290033D700822710 /* Info.plist */ = {isa = PBXFileReference; lastKnownFileType = text.plist.xml; path = Info.plist; sourceTree = "<group>"; };
		2DA8E201290033D700822710 /* ClimaTests.xctest */ = {isa = PBXFileReference; explicitFileType = wrapper.cfbundle; includeInIndex = 0; path = ClimaTests.xctest; sourceTree = BUILT_PRODUCTS_DIR; };
		2DA8E205290033D700822710 /* ClimaTests.swift */ = {isa = PBXFileReference; lastKnownFileType = sourcecode.swift; path = ClimaTests.swift; sourceTree = "<group>"; };
		2DA8E20B290033D700822710 /* ClimaUITests.xctest */ = {isa = PBXFileReference; explicitFileType = wrapper.cfbundle; includeInIndex = 0; path = ClimaUITests.xctest; sourceTree = BUILT_PRODUCTS_DIR; };
		2DA8E20F290033D700822710 /* ClimaUITests.swift */ = {isa = PBXFileReference; lastKnownFileType = sourcecode.swift; path = ClimaUITests.swift; sourceTree = "<group>"; };
		2DA8E211290033D700822710 /* ClimaUITestsLaunchTests.swift */ = {isa = PBXFileReference; lastKnownFileType = sourcecode.swift; path = ClimaUITestsLaunchTests.swift; sourceTree = "<group>"; };
/* End PBXFileReference section */

/* Begin PBXFrameworksBuildPhase section */
		2DA8E1E8290033D200822710 /* Frameworks */ = {
			isa = PBXFrameworksBuildPhase;
			buildActionMask = 2147483647;
			files = (
			);
			runOnlyForDeploymentPostprocessing = 0;
		};
		2DA8E1FE290033D700822710 /* Frameworks */ = {
			isa = PBXFrameworksBuildPhase;
			buildActionMask = 2147483647;
			files = (
			);
			runOnlyForDeploymentPostprocessing = 0;
		};
		2DA8E208290033D700822710 /* Frameworks */ = {
			isa = PBXFrameworksBuildPhase;
			buildActionMask = 2147483647;
			files = (
			);
			runOnlyForDeploymentPostprocessing = 0;
		};
/* End PBXFrameworksBuildPhase section */

/* Begin PBXGroup section */
		2DA8E1E2290033D200822710 = {
			isa = PBXGroup;
			children = (
				2DA8E1ED290033D200822710 /* Clima */,
				2DA8E204290033D700822710 /* ClimaTests */,
				2DA8E20E290033D700822710 /* ClimaUITests */,
				2DA8E1EC290033D200822710 /* Products */,
			);
			sourceTree = "<group>";
		};
		2DA8E1EC290033D200822710 /* Products */ = {
			isa = PBXGroup;
			children = (
				2DA8E1EB290033D200822710 /* Clima.app */,
				2DA8E201290033D700822710 /* ClimaTests.xctest */,
				2DA8E20B290033D700822710 /* ClimaUITests.xctest */,
			);
			name = Products;
			sourceTree = "<group>";
		};
		2DA8E1ED290033D200822710 /* Clima */ = {
			isa = PBXGroup;
			children = (
				2DA8E21F2900353900822710 /* Public */,
				2DA8E21E2900346C00822710 /* API Services */,
				2DA8E2202900354100822710 /* App Delegation */,
				2DA8E2212900354B00822710 /* Support Files */,
				2DA8E1FC290033D700822710 /* Info.plist */,
			);
			path = Clima;
			sourceTree = "<group>";
		};
		2DA8E204290033D700822710 /* ClimaTests */ = {
			isa = PBXGroup;
			children = (
				2DA8E205290033D700822710 /* ClimaTests.swift */,
			);
			path = ClimaTests;
			sourceTree = "<group>";
		};
		2DA8E20E290033D700822710 /* ClimaUITests */ = {
			isa = PBXGroup;
			children = (
				2DA8E20F290033D700822710 /* ClimaUITests.swift */,
				2DA8E211290033D700822710 /* ClimaUITestsLaunchTests.swift */,
			);
			path = ClimaUITests;
			sourceTree = "<group>";
		};
		2DA8E21E2900346C00822710 /* API Services */ = {
			isa = PBXGroup;
			children = (
			);
			path = "API Services";
			sourceTree = "<group>";
		};
		2DA8E21F2900353900822710 /* Public */ = {
			isa = PBXGroup;
			children = (
				2DA8E2222900359200822710 /* Dashboard */,
			);
			path = Public;
			sourceTree = "<group>";
		};
		2DA8E2202900354100822710 /* App Delegation */ = {
			isa = PBXGroup;
			children = (
				2DA8E1EE290033D200822710 /* AppDelegate.swift */,
				2DA8E1F0290033D200822710 /* SceneDelegate.swift */,
			);
			path = "App Delegation";
			sourceTree = "<group>";
		};
		2DA8E2212900354B00822710 /* Support Files */ = {
			isa = PBXGroup;
			children = (
				2DA8E1F4290033D200822710 /* Main.storyboard */,
				2DA8E1F7290033D700822710 /* Assets.xcassets */,
				2DA8E1F9290033D700822710 /* LaunchScreen.storyboard */,
			);
			path = "Support Files";
			sourceTree = "<group>";
		};
		2DA8E2222900359200822710 /* Dashboard */ = {
			isa = PBXGroup;
			children = (
				2DA8E225290035CA00822710 /* Model */,
				2DA8E223290035B700822710 /* View */,
				2DA8E224290035C300822710 /* ViewModel */,
			);
			path = Dashboard;
			sourceTree = "<group>";
		};
		2DA8E223290035B700822710 /* View */ = {
			isa = PBXGroup;
			children = (
				2DA8E1F2290033D200822710 /* ViewController.swift */,
			);
			path = View;
			sourceTree = "<group>";
		};
		2DA8E224290035C300822710 /* ViewModel */ = {
			isa = PBXGroup;
			children = (
			);
			path = ViewModel;
			sourceTree = "<group>";
		};
		2DA8E225290035CA00822710 /* Model */ = {
			isa = PBXGroup;
			children = (
			);
			path = Model;
			sourceTree = "<group>";
		};
/* End PBXGroup section */

/* Begin PBXNativeTarget section */
		2DA8E1EA290033D200822710 /* Clima */ = {
			isa = PBXNativeTarget;
			buildConfigurationList = 2DA8E215290033D700822710 /* Build configuration list for PBXNativeTarget "Clima" */;
			buildPhases = (
				2DA8E1E7290033D200822710 /* Sources */,
				2DA8E1E8290033D200822710 /* Frameworks */,
				2DA8E1E9290033D200822710 /* Resources */,
			);
			buildRules = (
			);
			dependencies = (
			);
			name = Clima;
			productName = Clima;
			productReference = 2DA8E1EB290033D200822710 /* Clima.app */;
			productType = "com.apple.product-type.application";
		};
		2DA8E200290033D700822710 /* ClimaTests */ = {
			isa = PBXNativeTarget;
			buildConfigurationList = 2DA8E218290033D700822710 /* Build configuration list for PBXNativeTarget "ClimaTests" */;
			buildPhases = (
				2DA8E1FD290033D700822710 /* Sources */,
				2DA8E1FE290033D700822710 /* Frameworks */,
				2DA8E1FF290033D700822710 /* Resources */,
			);
			buildRules = (
			);
			dependencies = (
				2DA8E203290033D700822710 /* PBXTargetDependency */,
			);
			name = ClimaTests;
			productName = ClimaTests;
			productReference = 2DA8E201290033D700822710 /* ClimaTests.xctest */;
			productType = "com.apple.product-type.bundle.unit-test";
		};
		2DA8E20A290033D700822710 /* ClimaUITests */ = {
			isa = PBXNativeTarget;
			buildConfigurationList = 2DA8E21B290033D700822710 /* Build configuration list for PBXNativeTarget "ClimaUITests" */;
			buildPhases = (
				2DA8E207290033D700822710 /* Sources */,
				2DA8E208290033D700822710 /* Frameworks */,
				2DA8E209290033D700822710 /* Resources */,
			);
			buildRules = (
			);
			dependencies = (
				2DA8E20D290033D700822710 /* PBXTargetDependency */,
			);
			name = ClimaUITests;
			productName = ClimaUITests;
			productReference = 2DA8E20B290033D700822710 /* ClimaUITests.xctest */;
			productType = "com.apple.product-type.bundle.ui-testing";
		};
/* End PBXNativeTarget section */

/* Begin PBXProject section */
		2DA8E1E3290033D200822710 /* Project object */ = {
			isa = PBXProject;
			attributes = {
				BuildIndependentTargetsInParallel = 1;
				LastSwiftUpdateCheck = 1400;
				LastUpgradeCheck = 1400;
				TargetAttributes = {
					2DA8E1EA290033D200822710 = {
						CreatedOnToolsVersion = 14.0;
					};
					2DA8E200290033D700822710 = {
						CreatedOnToolsVersion = 14.0;
						TestTargetID = 2DA8E1EA290033D200822710;
					};
					2DA8E20A290033D700822710 = {
						CreatedOnToolsVersion = 14.0;
						TestTargetID = 2DA8E1EA290033D200822710;
					};
				};
			};
			buildConfigurationList = 2DA8E1E6290033D200822710 /* Build configuration list for PBXProject "Clima" */;
			compatibilityVersion = "Xcode 14.0";
			developmentRegion = en;
			hasScannedForEncodings = 0;
			knownRegions = (
				en,
				Base,
			);
			mainGroup = 2DA8E1E2290033D200822710;
			productRefGroup = 2DA8E1EC290033D200822710 /* Products */;
			projectDirPath = "";
			projectRoot = "";
			targets = (
				2DA8E1EA290033D200822710 /* Clima */,
				2DA8E200290033D700822710 /* ClimaTests */,
				2DA8E20A290033D700822710 /* ClimaUITests */,
			);
		};
/* End PBXProject section */

/* Begin PBXResourcesBuildPhase section */
		2DA8E1E9290033D200822710 /* Resources */ = {
			isa = PBXResourcesBuildPhase;
			buildActionMask = 2147483647;
			files = (
				2DA8E1FB290033D700822710 /* LaunchScreen.storyboard in Resources */,
				2DA8E1F8290033D700822710 /* Assets.xcassets in Resources */,
				2DA8E1F6290033D200822710 /* Main.storyboard in Resources */,
			);
			runOnlyForDeploymentPostprocessing = 0;
		};
		2DA8E1FF290033D700822710 /* Resources */ = {
			isa = PBXResourcesBuildPhase;
			buildActionMask = 2147483647;
			files = (
			);
			runOnlyForDeploymentPostprocessing = 0;
		};
		2DA8E209290033D700822710 /* Resources */ = {
			isa = PBXResourcesBuildPhase;
			buildActionMask = 2147483647;
			files = (
			);
			runOnlyForDeploymentPostprocessing = 0;
		};
/* End PBXResourcesBuildPhase section */

/* Begin PBXSourcesBuildPhase section */
		2DA8E1E7290033D200822710 /* Sources */ = {
			isa = PBXSourcesBuildPhase;
			buildActionMask = 2147483647;
			files = (
				2DA8E1F3290033D200822710 /* ViewController.swift in Sources */,
				2DA8E1EF290033D200822710 /* AppDelegate.swift in Sources */,
				2DA8E1F1290033D200822710 /* SceneDelegate.swift in Sources */,
			);
			runOnlyForDeploymentPostprocessing = 0;
		};
		2DA8E1FD290033D700822710 /* Sources */ = {
			isa = PBXSourcesBuildPhase;
			buildActionMask = 2147483647;
			files = (
				2DA8E206290033D700822710 /* ClimaTests.swift in Sources */,
			);
			runOnlyForDeploymentPostprocessing = 0;
		};
		2DA8E207290033D700822710 /* Sources */ = {
			isa = PBXSourcesBuildPhase;
			buildActionMask = 2147483647;
			files = (
				2DA8E210290033D700822710 /* ClimaUITests.swift in Sources */,
				2DA8E212290033D700822710 /* ClimaUITestsLaunchTests.swift in Sources */,
			);
			runOnlyForDeploymentPostprocessing = 0;
		};
/* End PBXSourcesBuildPhase section */

/* Begin PBXTargetDependency section */
		2DA8E203290033D700822710 /* PBXTargetDependency */ = {
			isa = PBXTargetDependency;
			target = 2DA8E1EA290033D200822710 /* Clima */;
			targetProxy = 2DA8E202290033D700822710 /* PBXContainerItemProxy */;
		};
		2DA8E20D290033D700822710 /* PBXTargetDependency */ = {
			isa = PBXTargetDependency;
			target = 2DA8E1EA290033D200822710 /* Clima */;
			targetProxy = 2DA8E20C290033D700822710 /* PBXContainerItemProxy */;
		};
/* End PBXTargetDependency section */

/* Begin PBXVariantGroup section */
		2DA8E1F4290033D200822710 /* Main.storyboard */ = {
			isa = PBXVariantGroup;
			children = (
				2DA8E1F5290033D200822710 /* Base */,
			);
			name = Main.storyboard;
			sourceTree = "<group>";
		};
		2DA8E1F9290033D700822710 /* LaunchScreen.storyboard */ = {
			isa = PBXVariantGroup;
			children = (
				2DA8E1FA290033D700822710 /* Base */,
			);
			name = LaunchScreen.storyboard;
			sourceTree = "<group>";
		};
/* End PBXVariantGroup section */

/* Begin XCBuildConfiguration section */
		2DA8E213290033D700822710 /* Debug */ = {
			isa = XCBuildConfiguration;
			buildSettings = {
				ALWAYS_SEARCH_USER_PATHS = NO;
				CLANG_ANALYZER_NONNULL = YES;
				CLANG_ANALYZER_NUMBER_OBJECT_CONVERSION = YES_AGGRESSIVE;
				CLANG_CXX_LANGUAGE_STANDARD = "gnu++20";
				CLANG_ENABLE_MODULES = YES;
				CLANG_ENABLE_OBJC_ARC = YES;
				CLANG_ENABLE_OBJC_WEAK = YES;
				CLANG_WARN_BLOCK_CAPTURE_AUTORELEASING = YES;
				CLANG_WARN_BOOL_CONVERSION = YES;
				CLANG_WARN_COMMA = YES;
				CLANG_WARN_CONSTANT_CONVERSION = YES;
				CLANG_WARN_DEPRECATED_OBJC_IMPLEMENTATIONS = YES;
				CLANG_WARN_DIRECT_OBJC_ISA_USAGE = YES_ERROR;
				CLANG_WARN_DOCUMENTATION_COMMENTS = YES;
				CLANG_WARN_EMPTY_BODY = YES;
				CLANG_WARN_ENUM_CONVERSION = YES;
				CLANG_WARN_INFINITE_RECURSION = YES;
				CLANG_WARN_INT_CONVERSION = YES;
				CLANG_WARN_NON_LITERAL_NULL_CONVERSION = YES;
				CLANG_WARN_OBJC_IMPLICIT_RETAIN_SELF = YES;
				CLANG_WARN_OBJC_LITERAL_CONVERSION = YES;
				CLANG_WARN_OBJC_ROOT_CLASS = YES_ERROR;
				CLANG_WARN_QUOTED_INCLUDE_IN_FRAMEWORK_HEADER = YES;
				CLANG_WARN_RANGE_LOOP_ANALYSIS = YES;
				CLANG_WARN_STRICT_PROTOTYPES = YES;
				CLANG_WARN_SUSPICIOUS_MOVE = YES;
				CLANG_WARN_UNGUARDED_AVAILABILITY = YES_AGGRESSIVE;
				CLANG_WARN_UNREACHABLE_CODE = YES;
				CLANG_WARN__DUPLICATE_METHOD_MATCH = YES;
				COPY_PHASE_STRIP = NO;
				DEBUG_INFORMATION_FORMAT = dwarf;
				ENABLE_STRICT_OBJC_MSGSEND = YES;
				ENABLE_TESTABILITY = YES;
				GCC_C_LANGUAGE_STANDARD = gnu11;
				GCC_DYNAMIC_NO_PIC = NO;
				GCC_NO_COMMON_BLOCKS = YES;
				GCC_OPTIMIZATION_LEVEL = 0;
				GCC_PREPROCESSOR_DEFINITIONS = (
					"DEBUG=1",
					"$(inherited)",
				);
				GCC_WARN_64_TO_32_BIT_CONVERSION = YES;
				GCC_WARN_ABOUT_RETURN_TYPE = YES_ERROR;
				GCC_WARN_UNDECLARED_SELECTOR = YES;
				GCC_WARN_UNINITIALIZED_AUTOS = YES_AGGRESSIVE;
				GCC_WARN_UNUSED_FUNCTION = YES;
				GCC_WARN_UNUSED_VARIABLE = YES;
				IPHONEOS_DEPLOYMENT_TARGET = 16.0;
				MTL_ENABLE_DEBUG_INFO = INCLUDE_SOURCE;
				MTL_FAST_MATH = YES;
				ONLY_ACTIVE_ARCH = YES;
				SDKROOT = iphoneos;
				SWIFT_ACTIVE_COMPILATION_CONDITIONS = DEBUG;
				SWIFT_OPTIMIZATION_LEVEL = "-Onone";
			};
			name = Debug;
		};
		2DA8E214290033D700822710 /* Release */ = {
			isa = XCBuildConfiguration;
			buildSettings = {
				ALWAYS_SEARCH_USER_PATHS = NO;
				CLANG_ANALYZER_NONNULL = YES;
				CLANG_ANALYZER_NUMBER_OBJECT_CONVERSION = YES_AGGRESSIVE;
				CLANG_CXX_LANGUAGE_STANDARD = "gnu++20";
				CLANG_ENABLE_MODULES = YES;
				CLANG_ENABLE_OBJC_ARC = YES;
				CLANG_ENABLE_OBJC_WEAK = YES;
				CLANG_WARN_BLOCK_CAPTURE_AUTORELEASING = YES;
				CLANG_WARN_BOOL_CONVERSION = YES;
				CLANG_WARN_COMMA = YES;
				CLANG_WARN_CONSTANT_CONVERSION = YES;
				CLANG_WARN_DEPRECATED_OBJC_IMPLEMENTATIONS = YES;
				CLANG_WARN_DIRECT_OBJC_ISA_USAGE = YES_ERROR;
				CLANG_WARN_DOCUMENTATION_COMMENTS = YES;
				CLANG_WARN_EMPTY_BODY = YES;
				CLANG_WARN_ENUM_CONVERSION = YES;
				CLANG_WARN_INFINITE_RECURSION = YES;
				CLANG_WARN_INT_CONVERSION = YES;
				CLANG_WARN_NON_LITERAL_NULL_CONVERSION = YES;
				CLANG_WARN_OBJC_IMPLICIT_RETAIN_SELF = YES;
				CLANG_WARN_OBJC_LITERAL_CONVERSION = YES;
				CLANG_WARN_OBJC_ROOT_CLASS = YES_ERROR;
				CLANG_WARN_QUOTED_INCLUDE_IN_FRAMEWORK_HEADER = YES;
				CLANG_WARN_RANGE_LOOP_ANALYSIS = YES;
				CLANG_WARN_STRICT_PROTOTYPES = YES;
				CLANG_WARN_SUSPICIOUS_MOVE = YES;
				CLANG_WARN_UNGUARDED_AVAILABILITY = YES_AGGRESSIVE;
				CLANG_WARN_UNREACHABLE_CODE = YES;
				CLANG_WARN__DUPLICATE_METHOD_MATCH = YES;
				COPY_PHASE_STRIP = NO;
				DEBUG_INFORMATION_FORMAT = "dwarf-with-dsym";
				ENABLE_NS_ASSERTIONS = NO;
				ENABLE_STRICT_OBJC_MSGSEND = YES;
				GCC_C_LANGUAGE_STANDARD = gnu11;
				GCC_NO_COMMON_BLOCKS = YES;
				GCC_WARN_64_TO_32_BIT_CONVERSION = YES;
				GCC_WARN_ABOUT_RETURN_TYPE = YES_ERROR;
				GCC_WARN_UNDECLARED_SELECTOR = YES;
				GCC_WARN_UNINITIALIZED_AUTOS = YES_AGGRESSIVE;
				GCC_WARN_UNUSED_FUNCTION = YES;
				GCC_WARN_UNUSED_VARIABLE = YES;
				IPHONEOS_DEPLOYMENT_TARGET = 16.0;
				MTL_ENABLE_DEBUG_INFO = NO;
				MTL_FAST_MATH = YES;
				SDKROOT = iphoneos;
				SWIFT_COMPILATION_MODE = wholemodule;
				SWIFT_OPTIMIZATION_LEVEL = "-O";
				VALIDATE_PRODUCT = YES;
			};
			name = Release;
		};
		2DA8E216290033D700822710 /* Debug */ = {
			isa = XCBuildConfiguration;
			buildSettings = {
				ASSETCATALOG_COMPILER_APPICON_NAME = AppIcon;
				ASSETCATALOG_COMPILER_GLOBAL_ACCENT_COLOR_NAME = AccentColor;
				CODE_SIGN_STYLE = Automatic;
				CURRENT_PROJECT_VERSION = 1;
				DEVELOPMENT_TEAM = LD5G7T4489;
				GENERATE_INFOPLIST_FILE = YES;
				INFOPLIST_FILE = Clima/Info.plist;
				INFOPLIST_KEY_UIApplicationSupportsIndirectInputEvents = YES;
				INFOPLIST_KEY_UILaunchStoryboardName = LaunchScreen;
				INFOPLIST_KEY_UIMainStoryboardFile = Main;
				INFOPLIST_KEY_UISupportedInterfaceOrientations_iPad = "UIInterfaceOrientationPortrait UIInterfaceOrientationPortraitUpsideDown UIInterfaceOrientationLandscapeLeft UIInterfaceOrientationLandscapeRight";
				INFOPLIST_KEY_UISupportedInterfaceOrientations_iPhone = "UIInterfaceOrientationPortrait UIInterfaceOrientationLandscapeLeft UIInterfaceOrientationLandscapeRight";
				LD_RUNPATH_SEARCH_PATHS = (
					"$(inherited)",
					"@executable_path/Frameworks",
				);
				MARKETING_VERSION = 1.0;
				PRODUCT_BUNDLE_IDENTIFIER = HugoRegadas.Clima;
				PRODUCT_NAME = "$(TARGET_NAME)";
				SWIFT_EMIT_LOC_STRINGS = YES;
				SWIFT_VERSION = 5.0;
				TARGETED_DEVICE_FAMILY = "1,2";
			};
			name = Debug;
		};
		2DA8E217290033D700822710 /* Release */ = {
			isa = XCBuildConfiguration;
			buildSettings = {
				ASSETCATALOG_COMPILER_APPICON_NAME = AppIcon;
				ASSETCATALOG_COMPILER_GLOBAL_ACCENT_COLOR_NAME = AccentColor;
				CODE_SIGN_STYLE = Automatic;
				CURRENT_PROJECT_VERSION = 1;
				DEVELOPMENT_TEAM = LD5G7T4489;
				GENERATE_INFOPLIST_FILE = YES;
				INFOPLIST_FILE = Clima/Info.plist;
				INFOPLIST_KEY_UIApplicationSupportsIndirectInputEvents = YES;
				INFOPLIST_KEY_UILaunchStoryboardName = LaunchScreen;
				INFOPLIST_KEY_UIMainStoryboardFile = Main;
				INFOPLIST_KEY_UISupportedInterfaceOrientations_iPad = "UIInterfaceOrientationPortrait UIInterfaceOrientationPortraitUpsideDown UIInterfaceOrientationLandscapeLeft UIInterfaceOrientationLandscapeRight";
				INFOPLIST_KEY_UISupportedInterfaceOrientations_iPhone = "UIInterfaceOrientationPortrait UIInterfaceOrientationLandscapeLeft UIInterfaceOrientationLandscapeRight";
				LD_RUNPATH_SEARCH_PATHS = (
					"$(inherited)",
					"@executable_path/Frameworks",
				);
				MARKETING_VERSION = 1.0;
				PRODUCT_BUNDLE_IDENTIFIER = HugoRegadas.Clima;
				PRODUCT_NAME = "$(TARGET_NAME)";
				SWIFT_EMIT_LOC_STRINGS = YES;
				SWIFT_VERSION = 5.0;
				TARGETED_DEVICE_FAMILY = "1,2";
			};
			name = Release;
		};
		2DA8E219290033D700822710 /* Debug */ = {
			isa = XCBuildConfiguration;
			buildSettings = {
				ALWAYS_EMBED_SWIFT_STANDARD_LIBRARIES = YES;
				BUNDLE_LOADER = "$(TEST_HOST)";
				CODE_SIGN_STYLE = Automatic;
				CURRENT_PROJECT_VERSION = 1;
				DEVELOPMENT_TEAM = LD5G7T4489;
				GENERATE_INFOPLIST_FILE = YES;
				IPHONEOS_DEPLOYMENT_TARGET = 16.0;
				MARKETING_VERSION = 1.0;
				PRODUCT_BUNDLE_IDENTIFIER = HugoRegadas.ClimaTests;
				PRODUCT_NAME = "$(TARGET_NAME)";
				SWIFT_EMIT_LOC_STRINGS = NO;
				SWIFT_VERSION = 5.0;
				TARGETED_DEVICE_FAMILY = "1,2";
				TEST_HOST = "$(BUILT_PRODUCTS_DIR)/Clima.app/$(BUNDLE_EXECUTABLE_FOLDER_PATH)/Clima";
			};
			name = Debug;
		};
		2DA8E21A290033D700822710 /* Release */ = {
			isa = XCBuildConfiguration;
			buildSettings = {
				ALWAYS_EMBED_SWIFT_STANDARD_LIBRARIES = YES;
				BUNDLE_LOADER = "$(TEST_HOST)";
				CODE_SIGN_STYLE = Automatic;
				CURRENT_PROJECT_VERSION = 1;
				DEVELOPMENT_TEAM = LD5G7T4489;
				GENERATE_INFOPLIST_FILE = YES;
				IPHONEOS_DEPLOYMENT_TARGET = 16.0;
				MARKETING_VERSION = 1.0;
				PRODUCT_BUNDLE_IDENTIFIER = HugoRegadas.ClimaTests;
				PRODUCT_NAME = "$(TARGET_NAME)";
				SWIFT_EMIT_LOC_STRINGS = NO;
				SWIFT_VERSION = 5.0;
				TARGETED_DEVICE_FAMILY = "1,2";
				TEST_HOST = "$(BUILT_PRODUCTS_DIR)/Clima.app/$(BUNDLE_EXECUTABLE_FOLDER_PATH)/Clima";
			};
			name = Release;
		};
		2DA8E21C290033D700822710 /* Debug */ = {
			isa = XCBuildConfiguration;
			buildSettings = {
				ALWAYS_EMBED_SWIFT_STANDARD_LIBRARIES = YES;
				CODE_SIGN_STYLE = Automatic;
				CURRENT_PROJECT_VERSION = 1;
				DEVELOPMENT_TEAM = LD5G7T4489;
				GENERATE_INFOPLIST_FILE = YES;
				MARKETING_VERSION = 1.0;
				PRODUCT_BUNDLE_IDENTIFIER = HugoRegadas.ClimaUITests;
				PRODUCT_NAME = "$(TARGET_NAME)";
				SWIFT_EMIT_LOC_STRINGS = NO;
				SWIFT_VERSION = 5.0;
				TARGETED_DEVICE_FAMILY = "1,2";
				TEST_TARGET_NAME = Clima;
			};
			name = Debug;
		};
		2DA8E21D290033D700822710 /* Release */ = {
			isa = XCBuildConfiguration;
			buildSettings = {
				ALWAYS_EMBED_SWIFT_STANDARD_LIBRARIES = YES;
				CODE_SIGN_STYLE = Automatic;
				CURRENT_PROJECT_VERSION = 1;
				DEVELOPMENT_TEAM = LD5G7T4489;
				GENERATE_INFOPLIST_FILE = YES;
				MARKETING_VERSION = 1.0;
				PRODUCT_BUNDLE_IDENTIFIER = HugoRegadas.ClimaUITests;
				PRODUCT_NAME = "$(TARGET_NAME)";
				SWIFT_EMIT_LOC_STRINGS = NO;
				SWIFT_VERSION = 5.0;
				TARGETED_DEVICE_FAMILY = "1,2";
				TEST_TARGET_NAME = Clima;
			};
			name = Release;
		};
/* End XCBuildConfiguration section */

/* Begin XCConfigurationList section */
		2DA8E1E6290033D200822710 /* Build configuration list for PBXProject "Clima" */ = {
			isa = XCConfigurationList;
			buildConfigurations = (
				2DA8E213290033D700822710 /* Debug */,
				2DA8E214290033D700822710 /* Release */,
			);
			defaultConfigurationIsVisible = 0;
			defaultConfigurationName = Release;
		};
		2DA8E215290033D700822710 /* Build configuration list for PBXNativeTarget "Clima" */ = {
			isa = XCConfigurationList;
			buildConfigurations = (
				2DA8E216290033D700822710 /* Debug */,
				2DA8E217290033D700822710 /* Release */,
			);
			defaultConfigurationIsVisible = 0;
			defaultConfigurationName = Release;
		};
		2DA8E218290033D700822710 /* Build configuration list for PBXNativeTarget "ClimaTests" */ = {
			isa = XCConfigurationList;
			buildConfigurations = (
				2DA8E219290033D700822710 /* Debug */,
				2DA8E21A290033D700822710 /* Release */,
			);
			defaultConfigurationIsVisible = 0;
			defaultConfigurationName = Release;
		};
		2DA8E21B290033D700822710 /* Build configuration list for PBXNativeTarget "ClimaUITests" */ = {
			isa = XCConfigurationList;
			buildConfigurations = (
				2DA8E21C290033D700822710 /* Debug */,
				2DA8E21D290033D700822710 /* Release */,
			);
			defaultConfigurationIsVisible = 0;
			defaultConfigurationName = Release;
		};
/* End XCConfigurationList section */
	};
	rootObject = 2DA8E1E3290033D200822710 /* Project object */;
}
